
Microsoft Visual Studio Solution File, Format Version 12.00
# Visual Studio Version 16
VisualStudioVersion = 16.0.30114.105
MinimumVisualStudioVersion = 10.0.40219.1
Project("{9A19103F-16F7-4668-BE54-9A1E7A4F7556}") = "RpiLED.GUI", "RpiLED.GUI\RpiLED.GUI.csproj", "{7C846CEA-1ACA-49F4-B406-8384DDBCC85F}"
	ProjectSection(ProjectDependencies) = postProject
		{3F2F2383-9682-4272-87ED-4959AD1FD383} = {3F2F2383-9682-4272-87ED-4959AD1FD383}
	EndProjectSection
EndProject
Project("{9A19103F-16F7-4668-BE54-9A1E7A4F7556}") = "RpiLED.Core", "RpiLED.Core\RpiLED.Core.csproj", "{3F2F2383-9682-4272-87ED-4959AD1FD383}"
EndProject
Project("{9A19103F-16F7-4668-BE54-9A1E7A4F7556}") = "RpiLED.Cli", "RpiLED.Cli\RpiLED.Cli.csproj", "{9C157742-4D4B-41F6-ACFF-EFDE01811FC0}"
EndProject
Project("{9A19103F-16F7-4668-BE54-9A1E7A4F7556}") = "ConsoLovers.ConsoleToolkit.Core", "vendor\ConsoLovers\src\ConsoLovers.ConsoleToolkit.Core\ConsoLovers.ConsoleToolkit.Core.csproj", "{B41274D8-7C22-42CF-BCC0-52303A6C0C77}"
EndProject
Global
	GlobalSection(SolutionConfigurationPlatforms) = preSolution
		Debug|Any CPU = Debug|Any CPU
		Debug|x64 = Debug|x64
		Debug|x86 = Debug|x86
		Release|Any CPU = Release|Any CPU
		Release|x64 = Release|x64
		Release|x86 = Release|x86
	EndGlobalSection
	GlobalSection(ProjectConfigurationPlatforms) = postSolution
		{7C846CEA-1ACA-49F4-B406-8384DDBCC85F}.Debug|Any CPU.ActiveCfg = Debug|Any CPU
		{7C846CEA-1ACA-49F4-B406-8384DDBCC85F}.Debug|Any CPU.Build.0 = Debug|Any CPU
		{7C846CEA-1ACA-49F4-B406-8384DDBCC85F}.Debug|x64.ActiveCfg = Debug|Any CPU
		{7C846CEA-1ACA-49F4-B406-8384DDBCC85F}.Debug|x64.Build.0 = Debug|Any CPU
		{7C846CEA-1ACA-49F4-B406-8384DDBCC85F}.Debug|x86.ActiveCfg = Debug|Any CPU
		{7C846CEA-1ACA-49F4-B406-8384DDBCC85F}.Debug|x86.Build.0 = Debug|Any CPU
		{7C846CEA-1ACA-49F4-B406-8384DDBCC85F}.Release|Any CPU.ActiveCfg = Release|Any CPU
		{7C846CEA-1ACA-49F4-B406-8384DDBCC85F}.Release|Any CPU.Build.0 = Release|Any CPU
		{7C846CEA-1ACA-49F4-B406-8384DDBCC85F}.Release|x64.ActiveCfg = Release|Any CPU
		{7C846CEA-1ACA-49F4-B406-8384DDBCC85F}.Release|x64.Build.0 = Release|Any CPU
		{7C846CEA-1ACA-49F4-B406-8384DDBCC85F}.Release|x86.ActiveCfg = Release|Any CPU
		{7C846CEA-1ACA-49F4-B406-8384DDBCC85F}.Release|x86.Build.0 = Release|Any CPU
		{3F2F2383-9682-4272-87ED-4959AD1FD383}.Debug|Any CPU.ActiveCfg = Debug|Any CPU
		{3F2F2383-9682-4272-87ED-4959AD1FD383}.Debug|Any CPU.Build.0 = Debug|Any CPU
		{3F2F2383-9682-4272-87ED-4959AD1FD383}.Debug|x64.ActiveCfg = Debug|Any CPU
		{3F2F2383-9682-4272-87ED-4959AD1FD383}.Debug|x64.Build.0 = Debug|Any CPU
		{3F2F2383-9682-4272-87ED-4959AD1FD383}.Debug|x86.ActiveCfg = Debug|Any CPU
		{3F2F2383-9682-4272-87ED-4959AD1FD383}.Debug|x86.Build.0 = Debug|Any CPU
		{3F2F2383-9682-4272-87ED-4959AD1FD383}.Release|Any CPU.ActiveCfg = Release|Any CPU
		{3F2F2383-9682-4272-87ED-4959AD1FD383}.Release|Any CPU.Build.0 = Release|Any CPU
		{3F2F2383-9682-4272-87ED-4959AD1FD383}.Release|x64.ActiveCfg = Release|Any CPU
		{3F2F2383-9682-4272-87ED-4959AD1FD383}.Release|x64.Build.0 = Release|Any CPU
		{3F2F2383-9682-4272-87ED-4959AD1FD383}.Release|x86.ActiveCfg = Release|Any CPU
		{3F2F2383-9682-4272-87ED-4959AD1FD383}.Release|x86.Build.0 = Release|Any CPU
		{9C157742-4D4B-41F6-ACFF-EFDE01811FC0}.Debug|Any CPU.ActiveCfg = Debug|Any CPU
		{9C157742-4D4B-41F6-ACFF-EFDE01811FC0}.Debug|Any CPU.Build.0 = Debug|Any CPU
		{9C157742-4D4B-41F6-ACFF-EFDE01811FC0}.Debug|x64.ActiveCfg = Debug|Any CPU
		{9C157742-4D4B-41F6-ACFF-EFDE01811FC0}.Debug|x64.Build.0 = Debug|Any CPU
		{9C157742-4D4B-41F6-ACFF-EFDE01811FC0}.Debug|x86.ActiveCfg = Debug|Any CPU
		{9C157742-4D4B-41F6-ACFF-EFDE01811FC0}.Debug|x86.Build.0 = Debug|Any CPU
		{9C157742-4D4B-41F6-ACFF-EFDE01811FC0}.Release|Any CPU.ActiveCfg = Release|Any CPU
		{9C157742-4D4B-41F6-ACFF-EFDE01811FC0}.Release|Any CPU.Build.0 = Release|Any CPU
		{9C157742-4D4B-41F6-ACFF-EFDE01811FC0}.Release|x64.ActiveCfg = Release|Any CPU
		{9C157742-4D4B-41F6-ACFF-EFDE01811FC0}.Release|x64.Build.0 = Release|Any CPU
		{9C157742-4D4B-41F6-ACFF-EFDE01811FC0}.Release|x86.ActiveCfg = Release|Any CPU
		{9C157742-4D4B-41F6-ACFF-EFDE01811FC0}.Release|x86.Build.0 = Release|Any CPU
		{B41274D8-7C22-42CF-BCC0-52303A6C0C77}.Debug|Any CPU.ActiveCfg = Debug|Any CPU
		{B41274D8-7C22-42CF-BCC0-52303A6C0C77}.Debug|Any CPU.Build.0 = Debug|Any CPU
		{B41274D8-7C22-42CF-BCC0-52303A6C0C77}.Debug|x64.ActiveCfg = Debug|Any CPU
		{B41274D8-7C22-42CF-BCC0-52303A6C0C77}.Debug|x64.Build.0 = Debug|Any CPU
		{B41274D8-7C22-42CF-BCC0-52303A6C0C77}.Debug|x86.ActiveCfg = Debug|Any CPU
		{B41274D8-7C22-42CF-BCC0-52303A6C0C77}.Debug|x86.Build.0 = Debug|Any CPU
		{B41274D8-7C22-42CF-BCC0-52303A6C0C77}.Release|Any CPU.ActiveCfg = Release|Any CPU
		{B41274D8-7C22-42CF-BCC0-52303A6C0C77}.Release|Any CPU.Build.0 = Release|Any CPU
		{B41274D8-7C22-42CF-BCC0-52303A6C0C77}.Release|x64.ActiveCfg = Release|Any CPU
		{B41274D8-7C22-42CF-BCC0-52303A6C0C77}.Release|x64.Build.0 = Release|Any CPU
		{B41274D8-7C22-42CF-BCC0-52303A6C0C77}.Release|x86.ActiveCfg = Release|Any CPU
		{B41274D8-7C22-42CF-BCC0-52303A6C0C77}.Release|x86.Build.0 = Release|Any CPU
	EndGlobalSection
	GlobalSection(SolutionProperties) = preSolution
		HideSolutionNode = FALSE
	EndGlobalSection
	GlobalSection(ExtensibilityGlobals) = postSolution
		SolutionGuid = {B6E65712-E7D3-4476-9B14-1C8BFB4F44FA}
	EndGlobalSection
EndGlobal
