
Microsoft Visual Studio Solution File, Format Version 12.00
# Visual Studio Version 16
VisualStudioVersion = 16.0.30114.105
MinimumVisualStudioVersion = 10.0.40219.1
Project("{9A19103F-16F7-4668-BE54-9A1E7A4F7556}") = "RpiLed.Core", "RpiLED.Core\RpiLed.Core.csproj", "{D9EDF940-3AAF-4C4B-B668-BE4BD7C6FD76}"
EndProject
Project("{9A19103F-16F7-4668-BE54-9A1E7A4F7556}") = "RpiLed.Cli", "RpiLED.Cli\RpiLed.Cli.csproj", "{F13B8F87-9D7F-4156-A59D-E78D22B07095}"
EndProject
Project("{9A19103F-16F7-4668-BE54-9A1E7A4F7556}") = "RpiLed.Gui", "RpiLED.Gui\RpiLed.Gui.csproj", "{1F9A3046-2FD8-427E-89C7-9518A63E2795}"
EndProject
Project("{2150E333-8FDC-42A3-9474-1A3956D46DE8}") = "vendor", "vendor", "{AC23EED4-1299-4303-97BF-5DF1CEB24D1D}"
EndProject
Project("{2150E333-8FDC-42A3-9474-1A3956D46DE8}") = "ConsoLovers", "ConsoLovers", "{82E8ED0A-1219-4D39-97A2-59302A98DD6B}"
EndProject
Project("{2150E333-8FDC-42A3-9474-1A3956D46DE8}") = "src", "src", "{B2164792-7DCD-4163-B8FF-AF9BA06B4023}"
EndProject
Project("{9A19103F-16F7-4668-BE54-9A1E7A4F7556}") = "ConsoLovers.ConsoleToolkit.Core", "vendor\ConsoLovers\src\ConsoLovers.ConsoleToolkit.Core\ConsoLovers.ConsoleToolkit.Core.csproj", "{C75EA7A3-32AB-4EF4-9ED1-FA4457547C28}"
EndProject
Global
	GlobalSection(SolutionConfigurationPlatforms) = preSolution
		Debug|ARM32 = Debug|ARM32
		Release|ARM32 = Release|ARM32
	EndGlobalSection
	GlobalSection(ProjectConfigurationPlatforms) = postSolution
		{D9EDF940-3AAF-4C4B-B668-BE4BD7C6FD76}.Debug|ARM32.ActiveCfg = Debug|ARM32
		{D9EDF940-3AAF-4C4B-B668-BE4BD7C6FD76}.Debug|ARM32.Build.0 = Debug|ARM32
		{D9EDF940-3AAF-4C4B-B668-BE4BD7C6FD76}.Release|ARM32.ActiveCfg = Release|ARM32
		{D9EDF940-3AAF-4C4B-B668-BE4BD7C6FD76}.Release|ARM32.Build.0 = Release|ARM32
		{F13B8F87-9D7F-4156-A59D-E78D22B07095}.Debug|ARM32.ActiveCfg = Debug|ARM32
		{F13B8F87-9D7F-4156-A59D-E78D22B07095}.Debug|ARM32.Build.0 = Debug|ARM32
		{F13B8F87-9D7F-4156-A59D-E78D22B07095}.Release|ARM32.ActiveCfg = Release|ARM32
		{F13B8F87-9D7F-4156-A59D-E78D22B07095}.Release|ARM32.Build.0 = Release|ARM32
		{1F9A3046-2FD8-427E-89C7-9518A63E2795}.Debug|ARM32.ActiveCfg = Debug|ARM32
		{1F9A3046-2FD8-427E-89C7-9518A63E2795}.Debug|ARM32.Build.0 = Debug|ARM32
		{1F9A3046-2FD8-427E-89C7-9518A63E2795}.Release|ARM32.ActiveCfg = Release|ARM32
		{1F9A3046-2FD8-427E-89C7-9518A63E2795}.Release|ARM32.Build.0 = Release|ARM32
		{C75EA7A3-32AB-4EF4-9ED1-FA4457547C28}.Debug|ARM32.ActiveCfg = Debug|ARM32
		{C75EA7A3-32AB-4EF4-9ED1-FA4457547C28}.Debug|ARM32.Build.0 = Debug|ARM32
		{C75EA7A3-32AB-4EF4-9ED1-FA4457547C28}.Release|ARM32.ActiveCfg = Release|ARM32
		{C75EA7A3-32AB-4EF4-9ED1-FA4457547C28}.Release|ARM32.Build.0 = Release|ARM32
	EndGlobalSection
	GlobalSection(SolutionProperties) = preSolution
		HideSolutionNode = FALSE
	EndGlobalSection
	GlobalSection(NestedProjects) = preSolution
		{82E8ED0A-1219-4D39-97A2-59302A98DD6B} = {AC23EED4-1299-4303-97BF-5DF1CEB24D1D}
		{B2164792-7DCD-4163-B8FF-AF9BA06B4023} = {82E8ED0A-1219-4D39-97A2-59302A98DD6B}
		{C75EA7A3-32AB-4EF4-9ED1-FA4457547C28} = {B2164792-7DCD-4163-B8FF-AF9BA06B4023}
	EndGlobalSection
	GlobalSection(ExtensibilityGlobals) = postSolution
		SolutionGuid = {7BAE7B29-4368-41B8-9028-03185B8D9F3C}
	EndGlobalSection
EndGlobal
